<?xml version="1.0" encoding="utf-8"?>
<Project ToolsVersion="4.0" xmlns="http://schemas.microsoft.com/developer/msbuild/2003">
  <ItemGroup>
    <Filter Include="SourceFiles">
      <UniqueIdentifier>{24378e02-23ba-4951-bf4b-3f8b6575833e}</UniqueIdentifier>
    </Filter>
    <Filter Include="HeaderFiles">
      <UniqueIdentifier>{c064b8b4-c2b6-47a6-8315-7607d748ecb0}</UniqueIdentifier>
    </Filter>
  </ItemGroup>
  <ItemGroup>
    <ClInclude Include="$(MSBuildThisFileDirectory)Common.h">
      <Filter>HeaderFiles</Filter>
    </ClInclude>
    <ClInclude Include="$(MSBuildThisFileDirectory)Constant.h">
      <Filter>HeaderFiles</Filter>
    </ClInclude>
    <ClInclude Include="$(MSBuildThisFileDirectory)Command.h">
      <Filter>HeaderFiles</Filter>
    </ClInclude>
    <ClInclude Include="$(MSBuildThisFileDirectory)RobotPosition.h">
      <Filter>HeaderFiles</Filter>
    </ClInclude>
    <ClInclude Include="$(MSBuildThisFileDirectory)ToyRobot.h">
      <Filter>HeaderFiles</Filter>
    </ClInclude>
    <ClInclude Include="$(MSBuildThisFileDirectory)DirectionRules.h">
      <Filter>HeaderFiles</Filter>
    </ClInclude>
    <ClInclude Include="$(MSBuildThisFileDirectory)CommandRules.h" />
  </ItemGroup>
  <ItemGroup>
    <ClCompile Include="$(MSBuildThisFileDirectory)RobotPosition.cpp">
      <Filter>SourceFiles</Filter>
    </ClCompile>
    <ClCompile Include="$(MSBuildThisFileDirectory)CommandRules.cpp">
      <Filter>SourceFiles</Filter>
    </ClCompile>
    <ClCompile Include="$(MSBuildThisFileDirectory)ToyRobot.cpp">
      <Filter>SourceFiles</Filter>
    </ClCompile>
    <ClCompile Include="$(MSBuildThisFileDirectory)DirectionRules.cpp">
      <Filter>SourceFiles</Filter>
    </ClCompile>
    <ClCompile Include="$(MSBuildThisFileDirectory)Common.cpp">
      <Filter>SourceFiles</Filter>
    </ClCompile>
  </ItemGroup>
</Project>